// !$*UTF8*$!
{
	archiveVersion = 1;
	classes = {
	};
	objectVersion = 46;
	objects = {

/* Begin PBXBuildFile section */
		647A6587172BE88E0081E62C /* Film.m in Sources */ = {isa = PBXBuildFile; fileRef = 647A6586172BE88E0081E62C /* Film.m */; };
		647A658A172BE8AB0081E62C /* Screen.m in Sources */ = {isa = PBXBuildFile; fileRef = 647A6589172BE8AA0081E62C /* Screen.m */; };
		647A658D172BE8BB0081E62C /* Tag.m in Sources */ = {isa = PBXBuildFile; fileRef = 647A658C172BE8BB0081E62C /* Tag.m */; };
		647A6590172BE8D60081E62C /* MOLocation.m in Sources */ = {isa = PBXBuildFile; fileRef = 647A658F172BE8D60081E62C /* MOLocation.m */; };
		647A6593172BE8E50081E62C /* MOProp.m in Sources */ = {isa = PBXBuildFile; fileRef = 647A6592172BE8E50081E62C /* MOProp.m */; };
		647A6596172BE8F50081E62C /* MOCharacter.m in Sources */ = {isa = PBXBuildFile; fileRef = 647A6595172BE8F50081E62C /* MOCharacter.m */; };
		647A6599172BE9070081E62C /* MOActor.m in Sources */ = {isa = PBXBuildFile; fileRef = 647A6598172BE9070081E62C /* MOActor.m */; };
		647A659C172BE91E0081E62C /* MObject.m in Sources */ = {isa = PBXBuildFile; fileRef = 647A659B172BE91D0081E62C /* MObject.m */; };
		647A65AA172D3BB40081E62C /* MovobiFilmViewController.m in Sources */ = {isa = PBXBuildFile; fileRef = 647A65A9172D3BB40081E62C /* MovobiFilmViewController.m */; };
		64903322172DA15C0003BF25 /* MovobiFilmScreensViewController.m in Sources */ = {isa = PBXBuildFile; fileRef = 64903321172DA15C0003BF25 /* MovobiFilmScreensViewController.m */; };
		64903325172DB0F20003BF25 /* MovobiMObjectsViewController.m in Sources */ = {isa = PBXBuildFile; fileRef = 64903324172DB0F10003BF25 /* MovobiMObjectsViewController.m */; };
		64A6016717093539001D88E5 /* MovobiScreenView.m in Sources */ = {isa = PBXBuildFile; fileRef = 64A6016617093539001D88E5 /* MovobiScreenView.m */; };
		64C15BB11707999D00B66136 /* UIKit.framework in Frameworks */ = {isa = PBXBuildFile; fileRef = 64C15BB01707999D00B66136 /* UIKit.framework */; };
		64C15BB31707999D00B66136 /* Foundation.framework in Frameworks */ = {isa = PBXBuildFile; fileRef = 64C15BB21707999D00B66136 /* Foundation.framework */; };
		64C15BB51707999D00B66136 /* CoreGraphics.framework in Frameworks */ = {isa = PBXBuildFile; fileRef = 64C15BB41707999D00B66136 /* CoreGraphics.framework */; };
		64C15BB71707999D00B66136 /* CoreData.framework in Frameworks */ = {isa = PBXBuildFile; fileRef = 64C15BB61707999D00B66136 /* CoreData.framework */; };
		64C15BBD1707999D00B66136 /* InfoPlist.strings in Resources */ = {isa = PBXBuildFile; fileRef = 64C15BBB1707999D00B66136 /* InfoPlist.strings */; };
		64C15BBF1707999D00B66136 /* main.m in Sources */ = {isa = PBXBuildFile; fileRef = 64C15BBE1707999D00B66136 /* main.m */; };
		64C15BC31707999D00B66136 /* MovobiAppDelegate.m in Sources */ = {isa = PBXBuildFile; fileRef = 64C15BC21707999D00B66136 /* MovobiAppDelegate.m */; };
		64C15BC51707999D00B66136 /* Default.png in Resources */ = {isa = PBXBuildFile; fileRef = 64C15BC41707999D00B66136 /* Default.png */; };
		64C15BC71707999D00B66136 /* Default@2x.png in Resources */ = {isa = PBXBuildFile; fileRef = 64C15BC61707999D00B66136 /* Default@2x.png */; };
		64C15BC91707999D00B66136 /* Default-568h@2x.png in Resources */ = {isa = PBXBuildFile; fileRef = 64C15BC81707999D00B66136 /* Default-568h@2x.png */; };
		64C15BCC1707999D00B66136 /* MainStoryboard.storyboard in Resources */ = {isa = PBXBuildFile; fileRef = 64C15BCA1707999D00B66136 /* MainStoryboard.storyboard */; };
		64C15BCF1707999D00B66136 /* movobi.xcdatamodeld in Sources */ = {isa = PBXBuildFile; fileRef = 64C15BCD1707999D00B66136 /* movobi.xcdatamodeld */; };
		64C15BDD170799E500B66136 /* MovobiMasterViewController.m in Sources */ = {isa = PBXBuildFile; fileRef = 64C15BDC170799E500B66136 /* MovobiMasterViewController.m */; };
		64C15BE01707A1E000B66136 /* MovobiImageTransformer.m in Sources */ = {isa = PBXBuildFile; fileRef = 64C15BDF1707A1E000B66136 /* MovobiImageTransformer.m */; };
		64C15BF01707CC1A00B66136 /* Notes.rtf in Resources */ = {isa = PBXBuildFile; fileRef = 64C15BEF1707CC1A00B66136 /* Notes.rtf */; };
		64C15C2D1707D85000B66136 /* MovobiScreenViewController.m in Sources */ = {isa = PBXBuildFile; fileRef = 64C15C2C1707D84F00B66136 /* MovobiScreenViewController.m */; };
		64C15C301707DB5700B66136 /* MovobiMObjectViewController.m in Sources */ = {isa = PBXBuildFile; fileRef = 64C15C2F1707DB5700B66136 /* MovobiMObjectViewController.m */; };
		64E9DD5B173011EC00810AC0 /* MovobiScreenObjectsViewController.m in Sources */ = {isa = PBXBuildFile; fileRef = 64E9DD5A173011EC00810AC0 /* MovobiScreenObjectsViewController.m */; };
		64FAAB1C172E4C9C00D721D9 /* MovobiMOActorViewController.m in Sources */ = {isa = PBXBuildFile; fileRef = 64FAAB1B172E4C9C00D721D9 /* MovobiMOActorViewController.m */; };
		64FAAB1F172E4CB300D721D9 /* MovobiMOCharacterViewController.m in Sources */ = {isa = PBXBuildFile; fileRef = 64FAAB1E172E4CB300D721D9 /* MovobiMOCharacterViewController.m */; };
/* End PBXBuildFile section */

/* Begin PBXFileReference section */
		6463DD8117184754005E224B /* CoreImage.framework */ = {isa = PBXFileReference; lastKnownFileType = wrapper.framework; name = CoreImage.framework; path = System/Library/Frameworks/CoreImage.framework; sourceTree = SDKROOT; };
		647A6585172BE88E0081E62C /* Film.h */ = {isa = PBXFileReference; fileEncoding = 4; lastKnownFileType = sourcecode.c.h; path = Film.h; sourceTree = "<group>"; };
		647A6586172BE88E0081E62C /* Film.m */ = {isa = PBXFileReference; fileEncoding = 4; lastKnownFileType = sourcecode.c.objc; path = Film.m; sourceTree = "<group>"; };
		647A6588172BE8AA0081E62C /* Screen.h */ = {isa = PBXFileReference; fileEncoding = 4; lastKnownFileType = sourcecode.c.h; path = Screen.h; sourceTree = "<group>"; };
		647A6589172BE8AA0081E62C /* Screen.m */ = {isa = PBXFileReference; fileEncoding = 4; lastKnownFileType = sourcecode.c.objc; path = Screen.m; sourceTree = "<group>"; };
		647A658B172BE8BB0081E62C /* Tag.h */ = {isa = PBXFileReference; fileEncoding = 4; lastKnownFileType = sourcecode.c.h; path = Tag.h; sourceTree = "<group>"; };
		647A658C172BE8BB0081E62C /* Tag.m */ = {isa = PBXFileReference; fileEncoding = 4; lastKnownFileType = sourcecode.c.objc; path = Tag.m; sourceTree = "<group>"; };
		647A658E172BE8D60081E62C /* MOLocation.h */ = {isa = PBXFileReference; fileEncoding = 4; lastKnownFileType = sourcecode.c.h; path = MOLocation.h; sourceTree = "<group>"; };
		647A658F172BE8D60081E62C /* MOLocation.m */ = {isa = PBXFileReference; fileEncoding = 4; lastKnownFileType = sourcecode.c.objc; path = MOLocation.m; sourceTree = "<group>"; };
		647A6591172BE8E50081E62C /* MOProp.h */ = {isa = PBXFileReference; fileEncoding = 4; lastKnownFileType = sourcecode.c.h; path = MOProp.h; sourceTree = "<group>"; };
		647A6592172BE8E50081E62C /* MOProp.m */ = {isa = PBXFileReference; fileEncoding = 4; lastKnownFileType = sourcecode.c.objc; path = MOProp.m; sourceTree = "<group>"; };
		647A6594172BE8F50081E62C /* MOCharacter.h */ = {isa = PBXFileReference; fileEncoding = 4; lastKnownFileType = sourcecode.c.h; path = MOCharacter.h; sourceTree = "<group>"; };
		647A6595172BE8F50081E62C /* MOCharacter.m */ = {isa = PBXFileReference; fileEncoding = 4; lastKnownFileType = sourcecode.c.objc; path = MOCharacter.m; sourceTree = "<group>"; };
		647A6597172BE9070081E62C /* MOActor.h */ = {isa = PBXFileReference; fileEncoding = 4; lastKnownFileType = sourcecode.c.h; path = MOActor.h; sourceTree = "<group>"; };
		647A6598172BE9070081E62C /* MOActor.m */ = {isa = PBXFileReference; fileEncoding = 4; lastKnownFileType = sourcecode.c.objc; path = MOActor.m; sourceTree = "<group>"; };
		647A659A172BE91D0081E62C /* MObject.h */ = {isa = PBXFileReference; fileEncoding = 4; lastKnownFileType = sourcecode.c.h; path = MObject.h; sourceTree = "<group>"; };
		647A659B172BE91D0081E62C /* MObject.m */ = {isa = PBXFileReference; fileEncoding = 4; lastKnownFileType = sourcecode.c.objc; path = MObject.m; sourceTree = "<group>"; };
		647A65A8172D3BB40081E62C /* MovobiFilmViewController.h */ = {isa = PBXFileReference; fileEncoding = 4; lastKnownFileType = sourcecode.c.h; path = MovobiFilmViewController.h; sourceTree = "<group>"; };
		647A65A9172D3BB40081E62C /* MovobiFilmViewController.m */ = {isa = PBXFileReference; fileEncoding = 4; lastKnownFileType = sourcecode.c.objc; path = MovobiFilmViewController.m; sourceTree = "<group>"; };
		64903320172DA15C0003BF25 /* MovobiFilmScreensViewController.h */ = {isa = PBXFileReference; fileEncoding = 4; lastKnownFileType = sourcecode.c.h; path = MovobiFilmScreensViewController.h; sourceTree = "<group>"; };
		64903321172DA15C0003BF25 /* MovobiFilmScreensViewController.m */ = {isa = PBXFileReference; fileEncoding = 4; lastKnownFileType = sourcecode.c.objc; path = MovobiFilmScreensViewController.m; sourceTree = "<group>"; };
		64903323172DB0F10003BF25 /* MovobiMObjectsViewController.h */ = {isa = PBXFileReference; fileEncoding = 4; lastKnownFileType = sourcecode.c.h; path = MovobiMObjectsViewController.h; sourceTree = "<group>"; };
		64903324172DB0F10003BF25 /* MovobiMObjectsViewController.m */ = {isa = PBXFileReference; fileEncoding = 4; lastKnownFileType = sourcecode.c.objc; path = MovobiMObjectsViewController.m; sourceTree = "<group>"; };
		64A6016617093539001D88E5 /* MovobiScreenView.m */ = {isa = PBXFileReference; fileEncoding = 4; lastKnownFileType = sourcecode.c.objc; path = MovobiScreenView.m; sourceTree = "<group>"; };
		64A6016817093544001D88E5 /* MovobiScreenView.h */ = {isa = PBXFileReference; fileEncoding = 4; lastKnownFileType = sourcecode.c.h; path = MovobiScreenView.h; sourceTree = "<group>"; };
		64C15BAD1707999D00B66136 /* movobi.app */ = {isa = PBXFileReference; explicitFileType = wrapper.application; includeInIndex = 0; path = movobi.app; sourceTree = BUILT_PRODUCTS_DIR; };
		64C15BB01707999D00B66136 /* UIKit.framework */ = {isa = PBXFileReference; lastKnownFileType = wrapper.framework; name = UIKit.framework; path = System/Library/Frameworks/UIKit.framework; sourceTree = SDKROOT; };
		64C15BB21707999D00B66136 /* Foundation.framework */ = {isa = PBXFileReference; lastKnownFileType = wrapper.framework; name = Foundation.framework; path = System/Library/Frameworks/Foundation.framework; sourceTree = SDKROOT; };
		64C15BB41707999D00B66136 /* CoreGraphics.framework */ = {isa = PBXFileReference; lastKnownFileType = wrapper.framework; name = CoreGraphics.framework; path = System/Library/Frameworks/CoreGraphics.framework; sourceTree = SDKROOT; };
		64C15BB61707999D00B66136 /* CoreData.framework */ = {isa = PBXFileReference; lastKnownFileType = wrapper.framework; name = CoreData.framework; path = System/Library/Frameworks/CoreData.framework; sourceTree = SDKROOT; };
		64C15BBA1707999D00B66136 /* movobi-Info.plist */ = {isa = PBXFileReference; lastKnownFileType = text.plist.xml; path = "movobi-Info.plist"; sourceTree = "<group>"; };
		64C15BBC1707999D00B66136 /* en */ = {isa = PBXFileReference; lastKnownFileType = text.plist.strings; name = en; path = en.lproj/InfoPlist.strings; sourceTree = "<group>"; };
		64C15BBE1707999D00B66136 /* main.m */ = {isa = PBXFileReference; lastKnownFileType = sourcecode.c.objc; path = main.m; sourceTree = "<group>"; };
		64C15BC01707999D00B66136 /* movobi-Prefix.pch */ = {isa = PBXFileReference; lastKnownFileType = sourcecode.c.h; path = "movobi-Prefix.pch"; sourceTree = "<group>"; };
		64C15BC11707999D00B66136 /* MovobiAppDelegate.h */ = {isa = PBXFileReference; lastKnownFileType = sourcecode.c.h; path = MovobiAppDelegate.h; sourceTree = "<group>"; };
		64C15BC21707999D00B66136 /* MovobiAppDelegate.m */ = {isa = PBXFileReference; lastKnownFileType = sourcecode.c.objc; path = MovobiAppDelegate.m; sourceTree = "<group>"; };
		64C15BC41707999D00B66136 /* Default.png */ = {isa = PBXFileReference; lastKnownFileType = image.png; path = Default.png; sourceTree = "<group>"; };
		64C15BC61707999D00B66136 /* Default@2x.png */ = {isa = PBXFileReference; lastKnownFileType = image.png; path = "Default@2x.png"; sourceTree = "<group>"; };
		64C15BC81707999D00B66136 /* Default-568h@2x.png */ = {isa = PBXFileReference; lastKnownFileType = image.png; path = "Default-568h@2x.png"; sourceTree = "<group>"; };
		64C15BCB1707999D00B66136 /* en */ = {isa = PBXFileReference; lastKnownFileType = file.storyboard; name = en; path = en.lproj/MainStoryboard.storyboard; sourceTree = "<group>"; };
		64C15BCE1707999D00B66136 /* movobi.xcdatamodel */ = {isa = PBXFileReference; lastKnownFileType = wrapper.xcdatamodel; path = movobi.xcdatamodel; sourceTree = "<group>"; };
		64C15BDB170799E500B66136 /* MovobiMasterViewController.h */ = {isa = PBXFileReference; fileEncoding = 4; lastKnownFileType = sourcecode.c.h; path = MovobiMasterViewController.h; sourceTree = "<group>"; };
		64C15BDC170799E500B66136 /* MovobiMasterViewController.m */ = {isa = PBXFileReference; fileEncoding = 4; lastKnownFileType = sourcecode.c.objc; path = MovobiMasterViewController.m; sourceTree = "<group>"; };
		64C15BDE1707A1DF00B66136 /* MovobiImageTransformer.h */ = {isa = PBXFileReference; fileEncoding = 4; lastKnownFileType = sourcecode.c.h; path = MovobiImageTransformer.h; sourceTree = "<group>"; };
		64C15BDF1707A1E000B66136 /* MovobiImageTransformer.m */ = {isa = PBXFileReference; fileEncoding = 4; lastKnownFileType = sourcecode.c.objc; path = MovobiImageTransformer.m; sourceTree = "<group>"; };
		64C15BEF1707CC1A00B66136 /* Notes.rtf */ = {isa = PBXFileReference; fileEncoding = 4; lastKnownFileType = text.rtf; path = Notes.rtf; sourceTree = "<group>"; };
		64C15C2B1707D84F00B66136 /* MovobiScreenViewController.h */ = {isa = PBXFileReference; fileEncoding = 4; lastKnownFileType = sourcecode.c.h; path = MovobiScreenViewController.h; sourceTree = "<group>"; };
		64C15C2C1707D84F00B66136 /* MovobiScreenViewController.m */ = {isa = PBXFileReference; fileEncoding = 4; lastKnownFileType = sourcecode.c.objc; path = MovobiScreenViewController.m; sourceTree = "<group>"; };
		64C15C2E1707DB5700B66136 /* MovobiMObjectViewController.h */ = {isa = PBXFileReference; fileEncoding = 4; lastKnownFileType = sourcecode.c.h; path = MovobiMObjectViewController.h; sourceTree = "<group>"; };
		64C15C2F1707DB5700B66136 /* MovobiMObjectViewController.m */ = {isa = PBXFileReference; fileEncoding = 4; lastKnownFileType = sourcecode.c.objc; path = MovobiMObjectViewController.m; sourceTree = "<group>"; };
		64E9DD59173011EC00810AC0 /* MovobiScreenObjectsViewController.h */ = {isa = PBXFileReference; fileEncoding = 4; lastKnownFileType = sourcecode.c.h; path = MovobiScreenObjectsViewController.h; sourceTree = "<group>"; };
		64E9DD5A173011EC00810AC0 /* MovobiScreenObjectsViewController.m */ = {isa = PBXFileReference; fileEncoding = 4; lastKnownFileType = sourcecode.c.objc; path = MovobiScreenObjectsViewController.m; sourceTree = "<group>"; };
		64FAAB1A172E4C9C00D721D9 /* MovobiMOActorViewController.h */ = {isa = PBXFileReference; fileEncoding = 4; lastKnownFileType = sourcecode.c.h; path = MovobiMOActorViewController.h; sourceTree = "<group>"; };
		64FAAB1B172E4C9C00D721D9 /* MovobiMOActorViewController.m */ = {isa = PBXFileReference; fileEncoding = 4; lastKnownFileType = sourcecode.c.objc; path = MovobiMOActorViewController.m; sourceTree = "<group>"; };
		64FAAB1D172E4CB300D721D9 /* MovobiMOCharacterViewController.h */ = {isa = PBXFileReference; fileEncoding = 4; lastKnownFileType = sourcecode.c.h; path = MovobiMOCharacterViewController.h; sourceTree = "<group>"; };
		64FAAB1E172E4CB300D721D9 /* MovobiMOCharacterViewController.m */ = {isa = PBXFileReference; fileEncoding = 4; lastKnownFileType = sourcecode.c.objc; path = MovobiMOCharacterViewController.m; sourceTree = "<group>"; };
/* End PBXFileReference section */

/* Begin PBXFrameworksBuildPhase section */
		64C15BAA1707999D00B66136 /* Frameworks */ = {
			isa = PBXFrameworksBuildPhase;
			buildActionMask = 2147483647;
			files = (
				64C15BB11707999D00B66136 /* UIKit.framework in Frameworks */,
				64C15BB31707999D00B66136 /* Foundation.framework in Frameworks */,
				64C15BB51707999D00B66136 /* CoreGraphics.framework in Frameworks */,
				64C15BB71707999D00B66136 /* CoreData.framework in Frameworks */,
			);
			runOnlyForDeploymentPostprocessing = 0;
		};
/* End PBXFrameworksBuildPhase section */

/* Begin PBXGroup section */
		647A6580172BE6E60081E62C /* Model */ = {
			isa = PBXGroup;
			children = (
				64C15BCD1707999D00B66136 /* movobi.xcdatamodeld */,
				647A6585172BE88E0081E62C /* Film.h */,
				647A6586172BE88E0081E62C /* Film.m */,
				647A6588172BE8AA0081E62C /* Screen.h */,
				647A6589172BE8AA0081E62C /* Screen.m */,
				647A658B172BE8BB0081E62C /* Tag.h */,
				647A658C172BE8BB0081E62C /* Tag.m */,
				647A659A172BE91D0081E62C /* MObject.h */,
				647A659B172BE91D0081E62C /* MObject.m */,
				647A6597172BE9070081E62C /* MOActor.h */,
				647A6598172BE9070081E62C /* MOActor.m */,
				647A6594172BE8F50081E62C /* MOCharacter.h */,
				647A6595172BE8F50081E62C /* MOCharacter.m */,
				647A6591172BE8E50081E62C /* MOProp.h */,
				647A6592172BE8E50081E62C /* MOProp.m */,
				647A658E172BE8D60081E62C /* MOLocation.h */,
				647A658F172BE8D60081E62C /* MOLocation.m */,
			);
			name = Model;
			sourceTree = "<group>";
		};
		64C15BA41707999D00B66136 = {
			isa = PBXGroup;
			children = (
				6463DD8117184754005E224B /* CoreImage.framework */,
				64C15BB81707999D00B66136 /* movobi */,
				64C15BAF1707999D00B66136 /* Frameworks */,
				64C15BAE1707999D00B66136 /* Products */,
			);
			sourceTree = "<group>";
		};
		64C15BAE1707999D00B66136 /* Products */ = {
			isa = PBXGroup;
			children = (
				64C15BAD1707999D00B66136 /* movobi.app */,
			);
			name = Products;
			sourceTree = "<group>";
		};
		64C15BAF1707999D00B66136 /* Frameworks */ = {
			isa = PBXGroup;
			children = (
				64C15BB01707999D00B66136 /* UIKit.framework */,
				64C15BB21707999D00B66136 /* Foundation.framework */,
				64C15BB41707999D00B66136 /* CoreGraphics.framework */,
				64C15BB61707999D00B66136 /* CoreData.framework */,
			);
			name = Frameworks;
			sourceTree = "<group>";
		};
		64C15BB81707999D00B66136 /* movobi */ = {
			isa = PBXGroup;
			children = (
				647A6580172BE6E60081E62C /* Model */,
				64C15BCA1707999D00B66136 /* MainStoryboard.storyboard */,
				64C15BC11707999D00B66136 /* MovobiAppDelegate.h */,
				64C15BC21707999D00B66136 /* MovobiAppDelegate.m */,
				64C15BDB170799E500B66136 /* MovobiMasterViewController.h */,
				64C15BDC170799E500B66136 /* MovobiMasterViewController.m */,
				647A65A8172D3BB40081E62C /* MovobiFilmViewController.h */,
				647A65A9172D3BB40081E62C /* MovobiFilmViewController.m */,
				64903320172DA15C0003BF25 /* MovobiFilmScreensViewController.h */,
				64903321172DA15C0003BF25 /* MovobiFilmScreensViewController.m */,
				64903323172DB0F10003BF25 /* MovobiMObjectsViewController.h */,
				64903324172DB0F10003BF25 /* MovobiMObjectsViewController.m */,
				64FAAB1A172E4C9C00D721D9 /* MovobiMOActorViewController.h */,
				64FAAB1B172E4C9C00D721D9 /* MovobiMOActorViewController.m */,
				64FAAB1D172E4CB300D721D9 /* MovobiMOCharacterViewController.h */,
				64FAAB1E172E4CB300D721D9 /* MovobiMOCharacterViewController.m */,
				64C15C2E1707DB5700B66136 /* MovobiMObjectViewController.h */,
				64C15C2F1707DB5700B66136 /* MovobiMObjectViewController.m */,
				64C15C2B1707D84F00B66136 /* MovobiScreenViewController.h */,
				64C15C2C1707D84F00B66136 /* MovobiScreenViewController.m */,
				64A6016817093544001D88E5 /* MovobiScreenView.h */,
				64A6016617093539001D88E5 /* MovobiScreenView.m */,
				64E9DD59173011EC00810AC0 /* MovobiScreenObjectsViewController.h */,
				64E9DD5A173011EC00810AC0 /* MovobiScreenObjectsViewController.m */,
				64C15BB91707999D00B66136 /* Supporting Files */,
				64C15BDE1707A1DF00B66136 /* MovobiImageTransformer.h */,
				64C15BDF1707A1E000B66136 /* MovobiImageTransformer.m */,
			);
			path = movobi;
			sourceTree = "<group>";
		};
		64C15BB91707999D00B66136 /* Supporting Files */ = {
			isa = PBXGroup;
			children = (
				64C15BBA1707999D00B66136 /* movobi-Info.plist */,
				64C15BBB1707999D00B66136 /* InfoPlist.strings */,
				64C15BBE1707999D00B66136 /* main.m */,
				64C15BC01707999D00B66136 /* movobi-Prefix.pch */,
				64C15BC41707999D00B66136 /* Default.png */,
				64C15BC61707999D00B66136 /* Default@2x.png */,
				64C15BC81707999D00B66136 /* Default-568h@2x.png */,
				64C15BEF1707CC1A00B66136 /* Notes.rtf */,
			);
			name = "Supporting Files";
			sourceTree = "<group>";
		};
/* End PBXGroup section */

/* Begin PBXNativeTarget section */
		64C15BAC1707999D00B66136 /* movobi */ = {
			isa = PBXNativeTarget;
			buildConfigurationList = 64C15BD81707999D00B66136 /* Build configuration list for PBXNativeTarget "movobi" */;
			buildPhases = (
				64C15BA91707999D00B66136 /* Sources */,
				64C15BAA1707999D00B66136 /* Frameworks */,
				64C15BAB1707999D00B66136 /* Resources */,
			);
			buildRules = (
			);
			dependencies = (
			);
			name = movobi;
			productName = movobi;
			productReference = 64C15BAD1707999D00B66136 /* movobi.app */;
			productType = "com.apple.product-type.application";
		};
/* End PBXNativeTarget section */

/* Begin PBXProject section */
		64C15BA51707999D00B66136 /* Project object */ = {
			isa = PBXProject;
			attributes = {
				CLASSPREFIX = Movobi;
				LastUpgradeCheck = 0460;
				ORGANIZATIONNAME = "Movobi Ltd";
			};
			buildConfigurationList = 64C15BA81707999D00B66136 /* Build configuration list for PBXProject "movobi" */;
			compatibilityVersion = "Xcode 3.2";
			developmentRegion = English;
			hasScannedForEncodings = 0;
			knownRegions = (
				en,
			);
			mainGroup = 64C15BA41707999D00B66136;
			productRefGroup = 64C15BAE1707999D00B66136 /* Products */;
			projectDirPath = "";
			projectRoot = "";
			targets = (
				64C15BAC1707999D00B66136 /* movobi */,
			);
		};
/* End PBXProject section */

/* Begin PBXResourcesBuildPhase section */
		64C15BAB1707999D00B66136 /* Resources */ = {
			isa = PBXResourcesBuildPhase;
			buildActionMask = 2147483647;
			files = (
				64C15BBD1707999D00B66136 /* InfoPlist.strings in Resources */,
				64C15BC51707999D00B66136 /* Default.png in Resources */,
				64C15BC71707999D00B66136 /* Default@2x.png in Resources */,
				64C15BC91707999D00B66136 /* Default-568h@2x.png in Resources */,
				64C15BCC1707999D00B66136 /* MainStoryboard.storyboard in Resources */,
				64C15BF01707CC1A00B66136 /* Notes.rtf in Resources */,
			);
			runOnlyForDeploymentPostprocessing = 0;
		};
/* End PBXResourcesBuildPhase section */

/* Begin PBXSourcesBuildPhase section */
		64C15BA91707999D00B66136 /* Sources */ = {
			isa = PBXSourcesBuildPhase;
			buildActionMask = 2147483647;
			files = (
				64C15BBF1707999D00B66136 /* main.m in Sources */,
				64C15BC31707999D00B66136 /* MovobiAppDelegate.m in Sources */,
				64C15BCF1707999D00B66136 /* movobi.xcdatamodeld in Sources */,
				64C15BDD170799E500B66136 /* MovobiMasterViewController.m in Sources */,
				64C15BE01707A1E000B66136 /* MovobiImageTransformer.m in Sources */,
				64C15C2D1707D85000B66136 /* MovobiScreenViewController.m in Sources */,
				64C15C301707DB5700B66136 /* MovobiMObjectViewController.m in Sources */,
				64A6016717093539001D88E5 /* MovobiScreenView.m in Sources */,
				647A6587172BE88E0081E62C /* Film.m in Sources */,
				647A658A172BE8AB0081E62C /* Screen.m in Sources */,
				647A658D172BE8BB0081E62C /* Tag.m in Sources */,
				647A6590172BE8D60081E62C /* MOLocation.m in Sources */,
				647A6593172BE8E50081E62C /* MOProp.m in Sources */,
				647A6596172BE8F50081E62C /* MOCharacter.m in Sources */,
				647A6599172BE9070081E62C /* MOActor.m in Sources */,
				647A659C172BE91E0081E62C /* MObject.m in Sources */,
				647A65AA172D3BB40081E62C /* MovobiFilmViewController.m in Sources */,
				64903322172DA15C0003BF25 /* MovobiFilmScreensViewController.m in Sources */,
				64903325172DB0F20003BF25 /* MovobiMObjectsViewController.m in Sources */,
				64FAAB1C172E4C9C00D721D9 /* MovobiMOActorViewController.m in Sources */,
				64FAAB1F172E4CB300D721D9 /* MovobiMOCharacterViewController.m in Sources */,
				64E9DD5B173011EC00810AC0 /* MovobiScreenObjectsViewController.m in Sources */,
			);
			runOnlyForDeploymentPostprocessing = 0;
		};
/* End PBXSourcesBuildPhase section */

/* Begin PBXVariantGroup section */
		64C15BBB1707999D00B66136 /* InfoPlist.strings */ = {
			isa = PBXVariantGroup;
			children = (
				64C15BBC1707999D00B66136 /* en */,
			);
			name = InfoPlist.strings;
			sourceTree = "<group>";
		};
		64C15BCA1707999D00B66136 /* MainStoryboard.storyboard */ = {
			isa = PBXVariantGroup;
			children = (
				64C15BCB1707999D00B66136 /* en */,
			);
			name = MainStoryboard.storyboard;
			sourceTree = "<group>";
		};
/* End PBXVariantGroup section */

/* Begin XCBuildConfiguration section */
		64C15BD61707999D00B66136 /* Debug */ = {
			isa = XCBuildConfiguration;
			buildSettings = {
				ALWAYS_SEARCH_USER_PATHS = NO;
				CLANG_CXX_LANGUAGE_STANDARD = "gnu++0x";
				CLANG_CXX_LIBRARY = "libc++";
				CLANG_ENABLE_OBJC_ARC = YES;
				CLANG_WARN_CONSTANT_CONVERSION = YES;
				CLANG_WARN_EMPTY_BODY = YES;
				CLANG_WARN_ENUM_CONVERSION = YES;
				CLANG_WARN_INT_CONVERSION = YES;
				CLANG_WARN__DUPLICATE_METHOD_MATCH = YES;
				"CODE_SIGN_IDENTITY[sdk=iphoneos*]" = "iPhone Developer";
				COPY_PHASE_STRIP = NO;
				GCC_C_LANGUAGE_STANDARD = gnu99;
				GCC_DYNAMIC_NO_PIC = NO;
				GCC_OPTIMIZATION_LEVEL = 0;
				GCC_PREPROCESSOR_DEFINITIONS = (
					"DEBUG=1",
					"$(inherited)",
				);
				GCC_SYMBOLS_PRIVATE_EXTERN = NO;
				GCC_WARN_ABOUT_RETURN_TYPE = YES;
				GCC_WARN_UNINITIALIZED_AUTOS = YES;
				GCC_WARN_UNUSED_VARIABLE = YES;
				IPHONEOS_DEPLOYMENT_TARGET = 6.1;
				ONLY_ACTIVE_ARCH = YES;
				SDKROOT = iphoneos;
			};
			name = Debug;
		};
		64C15BD71707999D00B66136 /* Release */ = {
			isa = XCBuildConfiguration;
			buildSettings = {
				ALWAYS_SEARCH_USER_PATHS = NO;
				CLANG_CXX_LANGUAGE_STANDARD = "gnu++0x";
				CLANG_CXX_LIBRARY = "libc++";
				CLANG_ENABLE_OBJC_ARC = YES;
				CLANG_WARN_CONSTANT_CONVERSION = YES;
				CLANG_WARN_EMPTY_BODY = YES;
				CLANG_WARN_ENUM_CONVERSION = YES;
				CLANG_WARN_INT_CONVERSION = YES;
				CLANG_WARN__DUPLICATE_METHOD_MATCH = YES;
				"CODE_SIGN_IDENTITY[sdk=iphoneos*]" = "iPhone Developer";
				COPY_PHASE_STRIP = YES;
				GCC_C_LANGUAGE_STANDARD = gnu99;
				GCC_WARN_ABOUT_RETURN_TYPE = YES;
				GCC_WARN_UNINITIALIZED_AUTOS = YES;
				GCC_WARN_UNUSED_VARIABLE = YES;
				IPHONEOS_DEPLOYMENT_TARGET = 6.1;
				OTHER_CFLAGS = "-DNS_BLOCK_ASSERTIONS=1";
				SDKROOT = iphoneos;
				VALIDATE_PRODUCT = YES;
			};
			name = Release;
		};
		64C15BD91707999D00B66136 /* Debug */ = {
			isa = XCBuildConfiguration;
			buildSettings = {
				GCC_PRECOMPILE_PREFIX_HEADER = YES;
				GCC_PREFIX_HEADER = "movobi/movobi-Prefix.pch";
				INFOPLIST_FILE = "movobi/movobi-Info.plist";
				PRODUCT_NAME = "$(TARGET_NAME)";
				WRAPPER_EXTENSION = app;
			};
			name = Debug;
		};
		64C15BDA1707999D00B66136 /* Release */ = {
			isa = XCBuildConfiguration;
			buildSettings = {
				GCC_PRECOMPILE_PREFIX_HEADER = YES;
				GCC_PREFIX_HEADER = "movobi/movobi-Prefix.pch";
				INFOPLIST_FILE = "movobi/movobi-Info.plist";
				PRODUCT_NAME = "$(TARGET_NAME)";
				WRAPPER_EXTENSION = app;
			};
			name = Release;
		};
/* End XCBuildConfiguration section */

/* Begin XCConfigurationList section */
		64C15BA81707999D00B66136 /* Build configuration list for PBXProject "movobi" */ = {
			isa = XCConfigurationList;
			buildConfigurations = (
				64C15BD61707999D00B66136 /* Debug */,
				64C15BD71707999D00B66136 /* Release */,
			);
			defaultConfigurationIsVisible = 0;
			defaultConfigurationName = Release;
		};
		64C15BD81707999D00B66136 /* Build configuration list for PBXNativeTarget "movobi" */ = {
			isa = XCConfigurationList;
			buildConfigurations = (
				64C15BD91707999D00B66136 /* Debug */,
				64C15BDA1707999D00B66136 /* Release */,
			);
			defaultConfigurationIsVisible = 0;
			defaultConfigurationName = Release;
		};
/* End XCConfigurationList section */

/* Begin XCVersionGroup section */
		64C15BCD1707999D00B66136 /* movobi.xcdatamodeld */ = {
			isa = XCVersionGroup;
			children = (
				64C15BCE1707999D00B66136 /* movobi.xcdatamodel */,
			);
			currentVersion = 64C15BCE1707999D00B66136 /* movobi.xcdatamodel */;
			path = movobi.xcdatamodeld;
			sourceTree = "<group>";
			versionGroupType = wrapper.xcdatamodel;
		};
/* End XCVersionGroup section */
	};
	rootObject = 64C15BA51707999D00B66136 /* Project object */;
}
